
Microsoft Visual Studio Solution File, Format Version 12.00
# Visual Studio Version 16
VisualStudioVersion = 16.0.29728.190
MinimumVisualStudioVersion = 10.0.40219.1
Project("{9A19103F-16F7-4668-BE54-9A1E7A4F7556}") = "Core", "Core\Core.csproj", "{118F288B-6680-4EB8-B776-CDB960CCE654}"
EndProject
Project("{9A19103F-16F7-4668-BE54-9A1E7A4F7556}") = "UI.BlazorWASM", "UI.BlazorWASM\UI.BlazorWASM.csproj", "{5A9591DA-CBEB-46F2-BE98-5858658B0BAC}"
EndProject
Project("{9A19103F-16F7-4668-BE54-9A1E7A4F7556}") = "API.Generator", "API.Generator\API.Generator.csproj", "{9075DF12-1A49-4D46-B870-4D03F29360FD}"
EndProject
Project("{9A19103F-16F7-4668-BE54-9A1E7A4F7556}") = "Core.Tests", "Core.Tests\Core.Tests.csproj", "{D86A04F4-8C2A-4335-97A5-459F351873DC}"
EndProject
Project("{9A19103F-16F7-4668-BE54-9A1E7A4F7556}") = "SmartSolver", "SmartSolver\SmartSolver.csproj", "{8D8FBAA1-7EAA-4064-9837-CFC2CF25237A}"
EndProject
Project("{FAE04EC0-301F-11D3-BF4B-00C04F79EFBC}") = "SmartSolver.Benchmarks", "SmartSolver.Benchmarks\SmartSolver.Benchmarks.csproj", "{C7B61479-1AC6-4937-B6DC-01076A442697}"
EndProject
Global
	GlobalSection(SolutionConfigurationPlatforms) = preSolution
		Debug|Any CPU = Debug|Any CPU
		Release|Any CPU = Release|Any CPU
	EndGlobalSection
	GlobalSection(ProjectConfigurationPlatforms) = postSolution
		{118F288B-6680-4EB8-B776-CDB960CCE654}.Debug|Any CPU.ActiveCfg = Debug|Any CPU
		{118F288B-6680-4EB8-B776-CDB960CCE654}.Debug|Any CPU.Build.0 = Debug|Any CPU
		{118F288B-6680-4EB8-B776-CDB960CCE654}.Release|Any CPU.ActiveCfg = Release|Any CPU
		{118F288B-6680-4EB8-B776-CDB960CCE654}.Release|Any CPU.Build.0 = Release|Any CPU
		{5A9591DA-CBEB-46F2-BE98-5858658B0BAC}.Debug|Any CPU.ActiveCfg = Debug|Any CPU
		{5A9591DA-CBEB-46F2-BE98-5858658B0BAC}.Debug|Any CPU.Build.0 = Debug|Any CPU
		{5A9591DA-CBEB-46F2-BE98-5858658B0BAC}.Release|Any CPU.ActiveCfg = Release|Any CPU
		{5A9591DA-CBEB-46F2-BE98-5858658B0BAC}.Release|Any CPU.Build.0 = Release|Any CPU
		{9075DF12-1A49-4D46-B870-4D03F29360FD}.Debug|Any CPU.ActiveCfg = Debug|Any CPU
		{9075DF12-1A49-4D46-B870-4D03F29360FD}.Debug|Any CPU.Build.0 = Debug|Any CPU
		{9075DF12-1A49-4D46-B870-4D03F29360FD}.Release|Any CPU.ActiveCfg = Release|Any CPU
		{9075DF12-1A49-4D46-B870-4D03F29360FD}.Release|Any CPU.Build.0 = Release|Any CPU
		{D86A04F4-8C2A-4335-97A5-459F351873DC}.Debug|Any CPU.ActiveCfg = Debug|Any CPU
		{D86A04F4-8C2A-4335-97A5-459F351873DC}.Debug|Any CPU.Build.0 = Debug|Any CPU
		{D86A04F4-8C2A-4335-97A5-459F351873DC}.Release|Any CPU.ActiveCfg = Release|Any CPU
		{D86A04F4-8C2A-4335-97A5-459F351873DC}.Release|Any CPU.Build.0 = Release|Any CPU
		{8D8FBAA1-7EAA-4064-9837-CFC2CF25237A}.Debug|Any CPU.ActiveCfg = Debug|Any CPU
		{8D8FBAA1-7EAA-4064-9837-CFC2CF25237A}.Debug|Any CPU.Build.0 = Debug|Any CPU
		{8D8FBAA1-7EAA-4064-9837-CFC2CF25237A}.Release|Any CPU.ActiveCfg = Release|Any CPU
		{8D8FBAA1-7EAA-4064-9837-CFC2CF25237A}.Release|Any CPU.Build.0 = Release|Any CPU
		{C7B61479-1AC6-4937-B6DC-01076A442697}.Debug|Any CPU.ActiveCfg = Debug|Any CPU
		{C7B61479-1AC6-4937-B6DC-01076A442697}.Debug|Any CPU.Build.0 = Debug|Any CPU
		{C7B61479-1AC6-4937-B6DC-01076A442697}.Release|Any CPU.ActiveCfg = Release|Any CPU
		{C7B61479-1AC6-4937-B6DC-01076A442697}.Release|Any CPU.Build.0 = Release|Any CPU
	EndGlobalSection
	GlobalSection(SolutionProperties) = preSolution
		HideSolutionNode = FALSE
	EndGlobalSection
	GlobalSection(ExtensibilityGlobals) = postSolution
		SolutionGuid = {1C63854B-BEBA-4EF0-8C22-21ECD53E743C}
	EndGlobalSection
EndGlobal
