
Microsoft Visual Studio Solution File, Format Version 12.00
# Visual Studio Version 16
VisualStudioVersion = 16.0.29728.190
MinimumVisualStudioVersion = 10.0.40219.1
Project("{9A19103F-16F7-4668-BE54-9A1E7A4F7556}") = "Weboku.Core", "Weboku.Core\Weboku.Core.csproj", "{118F288B-6680-4EB8-B776-CDB960CCE654}"
EndProject
Project("{9A19103F-16F7-4668-BE54-9A1E7A4F7556}") = "Weboku.UserInterface", "Weboku.UserInterface\Weboku.UserInterface.csproj", "{9075DF12-1A49-4D46-B870-4D03F29360FD}"
EndProject
Project("{9A19103F-16F7-4668-BE54-9A1E7A4F7556}") = "Weboku.Core.Tests", "Weboku.Core.Tests\Weboku.Core.Tests.csproj", "{D86A04F4-8C2A-4335-97A5-459F351873DC}"
EndProject
Project("{9A19103F-16F7-4668-BE54-9A1E7A4F7556}") = "Weboku.Application", "Weboku.Application\Weboku.Application.csproj", "{BD9E358A-8288-455C-A62C-A7CEA84F9B16}"
EndProject
Project("{9A19103F-16F7-4668-BE54-9A1E7A4F7556}") = "Weboku.Generator.Api", "Weboku.Generator.Api\Weboku.Generator.Api.csproj", "{F0E4CB6A-EF7A-4D48-9155-BE329825F934}"
EndProject
Global
	GlobalSection(SolutionConfigurationPlatforms) = preSolution
		Debug|Any CPU = Debug|Any CPU
		Release|Any CPU = Release|Any CPU
	EndGlobalSection
	GlobalSection(ProjectConfigurationPlatforms) = postSolution
		{118F288B-6680-4EB8-B776-CDB960CCE654}.Debug|Any CPU.ActiveCfg = Debug|Any CPU
		{118F288B-6680-4EB8-B776-CDB960CCE654}.Debug|Any CPU.Build.0 = Debug|Any CPU
		{118F288B-6680-4EB8-B776-CDB960CCE654}.Release|Any CPU.ActiveCfg = Release|Any CPU
		{118F288B-6680-4EB8-B776-CDB960CCE654}.Release|Any CPU.Build.0 = Release|Any CPU
		{9075DF12-1A49-4D46-B870-4D03F29360FD}.Debug|Any CPU.ActiveCfg = Debug|Any CPU
		{9075DF12-1A49-4D46-B870-4D03F29360FD}.Debug|Any CPU.Build.0 = Debug|Any CPU
		{9075DF12-1A49-4D46-B870-4D03F29360FD}.Release|Any CPU.ActiveCfg = Release|Any CPU
		{9075DF12-1A49-4D46-B870-4D03F29360FD}.Release|Any CPU.Build.0 = Release|Any CPU
		{D86A04F4-8C2A-4335-97A5-459F351873DC}.Debug|Any CPU.ActiveCfg = Debug|Any CPU
		{D86A04F4-8C2A-4335-97A5-459F351873DC}.Debug|Any CPU.Build.0 = Debug|Any CPU
		{D86A04F4-8C2A-4335-97A5-459F351873DC}.Release|Any CPU.ActiveCfg = Release|Any CPU
		{D86A04F4-8C2A-4335-97A5-459F351873DC}.Release|Any CPU.Build.0 = Release|Any CPU
		{BD9E358A-8288-455C-A62C-A7CEA84F9B16}.Debug|Any CPU.ActiveCfg = Debug|Any CPU
		{BD9E358A-8288-455C-A62C-A7CEA84F9B16}.Debug|Any CPU.Build.0 = Debug|Any CPU
		{BD9E358A-8288-455C-A62C-A7CEA84F9B16}.Release|Any CPU.ActiveCfg = Release|Any CPU
		{BD9E358A-8288-455C-A62C-A7CEA84F9B16}.Release|Any CPU.Build.0 = Release|Any CPU
		{F0E4CB6A-EF7A-4D48-9155-BE329825F934}.Debug|Any CPU.ActiveCfg = Debug|Any CPU
		{F0E4CB6A-EF7A-4D48-9155-BE329825F934}.Debug|Any CPU.Build.0 = Debug|Any CPU
		{F0E4CB6A-EF7A-4D48-9155-BE329825F934}.Release|Any CPU.ActiveCfg = Release|Any CPU
		{F0E4CB6A-EF7A-4D48-9155-BE329825F934}.Release|Any CPU.Build.0 = Release|Any CPU
	EndGlobalSection
	GlobalSection(SolutionProperties) = preSolution
		HideSolutionNode = FALSE
	EndGlobalSection
	GlobalSection(ExtensibilityGlobals) = postSolution
		SolutionGuid = {1C63854B-BEBA-4EF0-8C22-21ECD53E743C}
	EndGlobalSection
EndGlobal
