
Microsoft Visual Studio Solution File, Format Version 12.00
# Visual Studio Version 16
VisualStudioVersion = 16.0.29728.190
MinimumVisualStudioVersion = 10.0.40219.1
Project("{9A19103F-16F7-4668-BE54-9A1E7A4F7556}") = "Weboku.Core", "Core\Weboku.Core.csproj", "{118F288B-6680-4EB8-B776-CDB960CCE654}"
EndProject
Project("{9A19103F-16F7-4668-BE54-9A1E7A4F7556}") = "Weboku.UserInterface", "UI.BlazorWASM\Weboku.UserInterface.csproj", "{5A9591DA-CBEB-46F2-BE98-5858658B0BAC}"
EndProject
Project("{9A19103F-16F7-4668-BE54-9A1E7A4F7556}") = "Weboku.Generator.Api", "API.Generator\Weboku.Generator.Api.csproj", "{9075DF12-1A49-4D46-B870-4D03F29360FD}"
EndProject
Project("{9A19103F-16F7-4668-BE54-9A1E7A4F7556}") = "Weboku.Core.Tests", "Core.Tests\Weboku.Core.Tests.csproj", "{D86A04F4-8C2A-4335-97A5-459F351873DC}"
EndProject
Project("{9A19103F-16F7-4668-BE54-9A1E7A4F7556}") = "Weboku.Application", "Application\Weboku.Application.csproj", "{BD9E358A-8288-455C-A62C-A7CEA84F9B16}"
EndProject
Global
	GlobalSection(SolutionConfigurationPlatforms) = preSolution
		Debug|Any CPU = Debug|Any CPU
		Release|Any CPU = Release|Any CPU
	EndGlobalSection
	GlobalSection(ProjectConfigurationPlatforms) = postSolution
		{118F288B-6680-4EB8-B776-CDB960CCE654}.Debug|Any CPU.ActiveCfg = Debug|Any CPU
		{118F288B-6680-4EB8-B776-CDB960CCE654}.Debug|Any CPU.Build.0 = Debug|Any CPU
		{118F288B-6680-4EB8-B776-CDB960CCE654}.Release|Any CPU.ActiveCfg = Release|Any CPU
		{118F288B-6680-4EB8-B776-CDB960CCE654}.Release|Any CPU.Build.0 = Release|Any CPU
		{5A9591DA-CBEB-46F2-BE98-5858658B0BAC}.Debug|Any CPU.ActiveCfg = Debug|Any CPU
		{5A9591DA-CBEB-46F2-BE98-5858658B0BAC}.Debug|Any CPU.Build.0 = Debug|Any CPU
		{5A9591DA-CBEB-46F2-BE98-5858658B0BAC}.Release|Any CPU.ActiveCfg = Release|Any CPU
		{5A9591DA-CBEB-46F2-BE98-5858658B0BAC}.Release|Any CPU.Build.0 = Release|Any CPU
		{9075DF12-1A49-4D46-B870-4D03F29360FD}.Debug|Any CPU.ActiveCfg = Debug|Any CPU
		{9075DF12-1A49-4D46-B870-4D03F29360FD}.Debug|Any CPU.Build.0 = Debug|Any CPU
		{9075DF12-1A49-4D46-B870-4D03F29360FD}.Release|Any CPU.ActiveCfg = Release|Any CPU
		{9075DF12-1A49-4D46-B870-4D03F29360FD}.Release|Any CPU.Build.0 = Release|Any CPU
		{D86A04F4-8C2A-4335-97A5-459F351873DC}.Debug|Any CPU.ActiveCfg = Debug|Any CPU
		{D86A04F4-8C2A-4335-97A5-459F351873DC}.Debug|Any CPU.Build.0 = Debug|Any CPU
		{D86A04F4-8C2A-4335-97A5-459F351873DC}.Release|Any CPU.ActiveCfg = Release|Any CPU
		{D86A04F4-8C2A-4335-97A5-459F351873DC}.Release|Any CPU.Build.0 = Release|Any CPU
		{BD9E358A-8288-455C-A62C-A7CEA84F9B16}.Debug|Any CPU.ActiveCfg = Debug|Any CPU
		{BD9E358A-8288-455C-A62C-A7CEA84F9B16}.Debug|Any CPU.Build.0 = Debug|Any CPU
		{BD9E358A-8288-455C-A62C-A7CEA84F9B16}.Release|Any CPU.ActiveCfg = Release|Any CPU
		{BD9E358A-8288-455C-A62C-A7CEA84F9B16}.Release|Any CPU.Build.0 = Release|Any CPU
	EndGlobalSection
	GlobalSection(SolutionProperties) = preSolution
		HideSolutionNode = FALSE
	EndGlobalSection
	GlobalSection(ExtensibilityGlobals) = postSolution
		SolutionGuid = {1C63854B-BEBA-4EF0-8C22-21ECD53E743C}
	EndGlobalSection
EndGlobal
